
Microsoft Visual Studio Solution File, Format Version 12.00
# Visual Studio Version 16
VisualStudioVersion = 16.0.30711.63
MinimumVisualStudioVersion = 10.0.40219.1
Project("{9A19103F-16F7-4668-BE54-9A1E7A4F7556}") = "HelloWorld", "HelloWord\HelloWorld.csproj", "{2991CCCA-CDD9-4AC4-8C73-4D73A8A635DC}"
EndProject
Project("{FAE04EC0-301F-11D3-BF4B-00C04F79EFBC}") = "TestForm", "TestForm\TestForm.csproj", "{F403BC7B-3BDD-4277-A962-AE0A2B9E0CEC}"
EndProject
Global
	GlobalSection(SolutionConfigurationPlatforms) = preSolution
		Debug|Any CPU = Debug|Any CPU
		Release|Any CPU = Release|Any CPU
	EndGlobalSection
	GlobalSection(ProjectConfigurationPlatforms) = postSolution
		{2991CCCA-CDD9-4AC4-8C73-4D73A8A635DC}.Debug|Any CPU.ActiveCfg = Debug|Any CPU
		{2991CCCA-CDD9-4AC4-8C73-4D73A8A635DC}.Debug|Any CPU.Build.0 = Debug|Any CPU
		{2991CCCA-CDD9-4AC4-8C73-4D73A8A635DC}.Release|Any CPU.ActiveCfg = Release|Any CPU
		{2991CCCA-CDD9-4AC4-8C73-4D73A8A635DC}.Release|Any CPU.Build.0 = Release|Any CPU
		{F403BC7B-3BDD-4277-A962-AE0A2B9E0CEC}.Debug|Any CPU.ActiveCfg = Debug|Any CPU
		{F403BC7B-3BDD-4277-A962-AE0A2B9E0CEC}.Debug|Any CPU.Build.0 = Debug|Any CPU
		{F403BC7B-3BDD-4277-A962-AE0A2B9E0CEC}.Release|Any CPU.ActiveCfg = Release|Any CPU
		{F403BC7B-3BDD-4277-A962-AE0A2B9E0CEC}.Release|Any CPU.Build.0 = Release|Any CPU
	EndGlobalSection
	GlobalSection(SolutionProperties) = preSolution
		HideSolutionNode = FALSE
	EndGlobalSection
	GlobalSection(ExtensibilityGlobals) = postSolution
		SolutionGuid = {7D9172B9-6C47-4182-8743-364A60D23B2C}
	EndGlobalSection
EndGlobal
